// !$*UTF8*$!
{
	archiveVersion = 1;
	classes = {
	};
	objectVersion = 46;
	objects = {

/* Begin PBXBuildFile section */
		1552518F1DC0976500E7CE17 /* main.m in Sources */ = {isa = PBXBuildFile; fileRef = 1552518E1DC0976500E7CE17 /* main.m */; };
		155251921DC0976500E7CE17 /* AppDelegate.m in Sources */ = {isa = PBXBuildFile; fileRef = 155251911DC0976500E7CE17 /* AppDelegate.m */; };
		155251951DC0976500E7CE17 /* ViewController.m in Sources */ = {isa = PBXBuildFile; fileRef = 155251941DC0976500E7CE17 /* ViewController.m */; };
		155251981DC0976500E7CE17 /* Main.storyboard in Resources */ = {isa = PBXBuildFile; fileRef = 155251961DC0976500E7CE17 /* Main.storyboard */; };
		1552519A1DC0976500E7CE17 /* Assets.xcassets in Resources */ = {isa = PBXBuildFile; fileRef = 155251991DC0976500E7CE17 /* Assets.xcassets */; };
		1552519D1DC0976500E7CE17 /* LaunchScreen.storyboard in Resources */ = {isa = PBXBuildFile; fileRef = 1552519B1DC0976500E7CE17 /* LaunchScreen.storyboard */; };
		155251AB1DC0980000E7CE17 /* CXTableDataDelegate.m in Sources */ = {isa = PBXBuildFile; fileRef = 155251AA1DC0980000E7CE17 /* CXTableDataDelegate.m */; };
		155251B01DC0A02900E7CE17 /* UITableViewCell+Category.m in Sources */ = {isa = PBXBuildFile; fileRef = 155251AF1DC0A02900E7CE17 /* UITableViewCell+Category.m */; };
		155251B31DC0A37A00E7CE17 /* Student.m in Sources */ = {isa = PBXBuildFile; fileRef = 155251B21DC0A37A00E7CE17 /* Student.m */; };
		155251BC1DC0A45100E7CE17 /* StudentCell.m in Sources */ = {isa = PBXBuildFile; fileRef = 155251BA1DC0A45100E7CE17 /* StudentCell.m */; };
		155251BD1DC0A45100E7CE17 /* StudentCell.xib in Resources */ = {isa = PBXBuildFile; fileRef = 155251BB1DC0A45100E7CE17 /* StudentCell.xib */; };
/* End PBXBuildFile section */

/* Begin PBXFileReference section */
		1552518A1DC0976500E7CE17 /* Tableview分离.app */ = {isa = PBXFileReference; explicitFileType = wrapper.application; includeInIndex = 0; path = "Tableview分离.app"; sourceTree = BUILT_PRODUCTS_DIR; };
		1552518E1DC0976500E7CE17 /* main.m */ = {isa = PBXFileReference; lastKnownFileType = sourcecode.c.objc; path = main.m; sourceTree = "<group>"; };
		155251901DC0976500E7CE17 /* AppDelegate.h */ = {isa = PBXFileReference; lastKnownFileType = sourcecode.c.h; path = AppDelegate.h; sourceTree = "<group>"; };
		155251911DC0976500E7CE17 /* AppDelegate.m */ = {isa = PBXFileReference; lastKnownFileType = sourcecode.c.objc; path = AppDelegate.m; sourceTree = "<group>"; };
		155251931DC0976500E7CE17 /* ViewController.h */ = {isa = PBXFileReference; lastKnownFileType = sourcecode.c.h; path = ViewController.h; sourceTree = "<group>"; };
		155251941DC0976500E7CE17 /* ViewController.m */ = {isa = PBXFileReference; lastKnownFileType = sourcecode.c.objc; path = ViewController.m; sourceTree = "<group>"; };
		155251971DC0976500E7CE17 /* Base */ = {isa = PBXFileReference; lastKnownFileType = file.storyboard; name = Base; path = Base.lproj/Main.storyboard; sourceTree = "<group>"; };
		155251991DC0976500E7CE17 /* Assets.xcassets */ = {isa = PBXFileReference; lastKnownFileType = folder.assetcatalog; path = Assets.xcassets; sourceTree = "<group>"; };
		1552519C1DC0976500E7CE17 /* Base */ = {isa = PBXFileReference; lastKnownFileType = file.storyboard; name = Base; path = Base.lproj/LaunchScreen.storyboard; sourceTree = "<group>"; };
		1552519E1DC0976500E7CE17 /* Info.plist */ = {isa = PBXFileReference; lastKnownFileType = text.plist.xml; path = Info.plist; sourceTree = "<group>"; };
		155251A91DC0980000E7CE17 /* CXTableDataDelegate.h */ = {isa = PBXFileReference; fileEncoding = 4; lastKnownFileType = sourcecode.c.h; path = CXTableDataDelegate.h; sourceTree = "<group>"; };
		155251AA1DC0980000E7CE17 /* CXTableDataDelegate.m */ = {isa = PBXFileReference; fileEncoding = 4; lastKnownFileType = sourcecode.c.objc; path = CXTableDataDelegate.m; sourceTree = "<group>"; };
		155251AE1DC0A02900E7CE17 /* UITableViewCell+Category.h */ = {isa = PBXFileReference; fileEncoding = 4; lastKnownFileType = sourcecode.c.h; path = "UITableViewCell+Category.h"; sourceTree = "<group>"; };
		155251AF1DC0A02900E7CE17 /* UITableViewCell+Category.m */ = {isa = PBXFileReference; fileEncoding = 4; lastKnownFileType = sourcecode.c.objc; path = "UITableViewCell+Category.m"; sourceTree = "<group>"; };
		155251B11DC0A37A00E7CE17 /* Student.h */ = {isa = PBXFileReference; fileEncoding = 4; lastKnownFileType = sourcecode.c.h; path = Student.h; sourceTree = "<group>"; };
		155251B21DC0A37A00E7CE17 /* Student.m */ = {isa = PBXFileReference; fileEncoding = 4; lastKnownFileType = sourcecode.c.objc; path = Student.m; sourceTree = "<group>"; };
		155251B91DC0A45100E7CE17 /* StudentCell.h */ = {isa = PBXFileReference; fileEncoding = 4; lastKnownFileType = sourcecode.c.h; path = StudentCell.h; sourceTree = "<group>"; };
		155251BA1DC0A45100E7CE17 /* StudentCell.m */ = {isa = PBXFileReference; fileEncoding = 4; lastKnownFileType = sourcecode.c.objc; path = StudentCell.m; sourceTree = "<group>"; };
		155251BB1DC0A45100E7CE17 /* StudentCell.xib */ = {isa = PBXFileReference; fileEncoding = 4; lastKnownFileType = file.xib; path = StudentCell.xib; sourceTree = "<group>"; };
/* End PBXFileReference section */

/* Begin PBXFrameworksBuildPhase section */
		155251871DC0976500E7CE17 /* Frameworks */ = {
			isa = PBXFrameworksBuildPhase;
			buildActionMask = 2147483647;
			files = (
			);
			runOnlyForDeploymentPostprocessing = 0;
		};
/* End PBXFrameworksBuildPhase section */

/* Begin PBXGroup section */
		155251811DC0976500E7CE17 = {
			isa = PBXGroup;
			children = (
				1552518C1DC0976500E7CE17 /* Tableview分离 */,
				1552518B1DC0976500E7CE17 /* Products */,
			);
			sourceTree = "<group>";
		};
		1552518B1DC0976500E7CE17 /* Products */ = {
			isa = PBXGroup;
			children = (
				1552518A1DC0976500E7CE17 /* Tableview分离.app */,
			);
			name = Products;
			sourceTree = "<group>";
		};
		1552518C1DC0976500E7CE17 /* Tableview分离 */ = {
			isa = PBXGroup;
			children = (
				155251A51DC097A600E7CE17 /* CXTableviewDataDelegate */,
				155251901DC0976500E7CE17 /* AppDelegate.h */,
				155251911DC0976500E7CE17 /* AppDelegate.m */,
				155251931DC0976500E7CE17 /* ViewController.h */,
				155251941DC0976500E7CE17 /* ViewController.m */,
				155251B11DC0A37A00E7CE17 /* Student.h */,
				155251B21DC0A37A00E7CE17 /* Student.m */,
				155251B91DC0A45100E7CE17 /* StudentCell.h */,
				155251BA1DC0A45100E7CE17 /* StudentCell.m */,
				155251BB1DC0A45100E7CE17 /* StudentCell.xib */,
				155251961DC0976500E7CE17 /* Main.storyboard */,
				155251991DC0976500E7CE17 /* Assets.xcassets */,
				1552519B1DC0976500E7CE17 /* LaunchScreen.storyboard */,
				1552519E1DC0976500E7CE17 /* Info.plist */,
				1552518D1DC0976500E7CE17 /* Supporting Files */,
			);
			path = "Tableview分离";
			sourceTree = "<group>";
		};
		1552518D1DC0976500E7CE17 /* Supporting Files */ = {
			isa = PBXGroup;
			children = (
				1552518E1DC0976500E7CE17 /* main.m */,
			);
			name = "Supporting Files";
			sourceTree = "<group>";
		};
		155251A51DC097A600E7CE17 /* CXTableviewDataDelegate */ = {
			isa = PBXGroup;
			children = (
				155251A91DC0980000E7CE17 /* CXTableDataDelegate.h */,
				155251AA1DC0980000E7CE17 /* CXTableDataDelegate.m */,
				155251AE1DC0A02900E7CE17 /* UITableViewCell+Category.h */,
				155251AF1DC0A02900E7CE17 /* UITableViewCell+Category.m */,
			);
			path = CXTableviewDataDelegate;
			sourceTree = "<group>";
		};
/* End PBXGroup section */

/* Begin PBXNativeTarget section */
		155251891DC0976500E7CE17 /* Tableview分离 */ = {
			isa = PBXNativeTarget;
			buildConfigurationList = 155251A11DC0976500E7CE17 /* Build configuration list for PBXNativeTarget "Tableview分离" */;
			buildPhases = (
				155251861DC0976500E7CE17 /* Sources */,
				155251871DC0976500E7CE17 /* Frameworks */,
				155251881DC0976500E7CE17 /* Resources */,
			);
			buildRules = (
			);
			dependencies = (
			);
			name = "Tableview分离";
			productName = "Tableview分离";
			productReference = 1552518A1DC0976500E7CE17 /* Tableview分离.app */;
			productType = "com.apple.product-type.application";
		};
/* End PBXNativeTarget section */

/* Begin PBXProject section */
		155251821DC0976500E7CE17 /* Project object */ = {
			isa = PBXProject;
			attributes = {
				LastUpgradeCheck = 0800;
				ORGANIZATIONNAME = cx;
				TargetAttributes = {
					155251891DC0976500E7CE17 = {
						CreatedOnToolsVersion = 8.0;
						DevelopmentTeam = M6BZ7CAAX7;
						ProvisioningStyle = Automatic;
					};
				};
			};
			buildConfigurationList = 155251851DC0976500E7CE17 /* Build configuration list for PBXProject "Tableview分离" */;
			compatibilityVersion = "Xcode 3.2";
			developmentRegion = English;
			hasScannedForEncodings = 0;
			knownRegions = (
				en,
				Base,
			);
			mainGroup = 155251811DC0976500E7CE17;
			productRefGroup = 1552518B1DC0976500E7CE17 /* Products */;
			projectDirPath = "";
			projectRoot = "";
			targets = (
				155251891DC0976500E7CE17 /* Tableview分离 */,
			);
		};
/* End PBXProject section */

/* Begin PBXResourcesBuildPhase section */
		155251881DC0976500E7CE17 /* Resources */ = {
			isa = PBXResourcesBuildPhase;
			buildActionMask = 2147483647;
			files = (
				1552519D1DC0976500E7CE17 /* LaunchScreen.storyboard in Resources */,
				1552519A1DC0976500E7CE17 /* Assets.xcassets in Resources */,
				155251981DC0976500E7CE17 /* Main.storyboard in Resources */,
				155251BD1DC0A45100E7CE17 /* StudentCell.xib in Resources */,
			);
			runOnlyForDeploymentPostprocessing = 0;
		};
/* End PBXResourcesBuildPhase section */

/* Begin PBXSourcesBuildPhase section */
		155251861DC0976500E7CE17 /* Sources */ = {
			isa = PBXSourcesBuildPhase;
			buildActionMask = 2147483647;
			files = (
				155251AB1DC0980000E7CE17 /* CXTableDataDelegate.m in Sources */,
				155251B01DC0A02900E7CE17 /* UITableViewCell+Category.m in Sources */,
				155251951DC0976500E7CE17 /* ViewController.m in Sources */,
				155251921DC0976500E7CE17 /* AppDelegate.m in Sources */,
				155251BC1DC0A45100E7CE17 /* StudentCell.m in Sources */,
				1552518F1DC0976500E7CE17 /* main.m in Sources */,
				155251B31DC0A37A00E7CE17 /* Student.m in Sources */,
			);
			runOnlyForDeploymentPostprocessing = 0;
		};
/* End PBXSourcesBuildPhase section */

/* Begin PBXVariantGroup section */
		155251961DC0976500E7CE17 /* Main.storyboard */ = {
			isa = PBXVariantGroup;
			children = (
				155251971DC0976500E7CE17 /* Base */,
			);
			name = Main.storyboard;
			sourceTree = "<group>";
		};
		1552519B1DC0976500E7CE17 /* LaunchScreen.storyboard */ = {
			isa = PBXVariantGroup;
			children = (
				1552519C1DC0976500E7CE17 /* Base */,
			);
			name = LaunchScreen.storyboard;
			sourceTree = "<group>";
		};
/* End PBXVariantGroup section */

/* Begin XCBuildConfiguration section */
		1552519F1DC0976500E7CE17 /* Debug */ = {
			isa = XCBuildConfiguration;
			buildSettings = {
				ALWAYS_SEARCH_USER_PATHS = NO;
				CLANG_ANALYZER_NONNULL = YES;
				CLANG_CXX_LANGUAGE_STANDARD = "gnu++0x";
				CLANG_CXX_LIBRARY = "libc++";
				CLANG_ENABLE_MODULES = YES;
				CLANG_ENABLE_OBJC_ARC = YES;
				CLANG_WARN_BOOL_CONVERSION = YES;
				CLANG_WARN_CONSTANT_CONVERSION = YES;
				CLANG_WARN_DIRECT_OBJC_ISA_USAGE = YES_ERROR;
				CLANG_WARN_DOCUMENTATION_COMMENTS = YES;
				CLANG_WARN_EMPTY_BODY = YES;
				CLANG_WARN_ENUM_CONVERSION = YES;
				CLANG_WARN_INFINITE_RECURSION = YES;
				CLANG_WARN_INT_CONVERSION = YES;
				CLANG_WARN_OBJC_ROOT_CLASS = YES_ERROR;
				CLANG_WARN_SUSPICIOUS_MOVES = YES;
				CLANG_WARN_UNREACHABLE_CODE = YES;
				CLANG_WARN__DUPLICATE_METHOD_MATCH = YES;
				"CODE_SIGN_IDENTITY[sdk=iphoneos*]" = "iPhone Developer";
				COPY_PHASE_STRIP = NO;
				DEBUG_INFORMATION_FORMAT = dwarf;
				ENABLE_STRICT_OBJC_MSGSEND = YES;
				ENABLE_TESTABILITY = YES;
				GCC_C_LANGUAGE_STANDARD = gnu99;
				GCC_DYNAMIC_NO_PIC = NO;
				GCC_NO_COMMON_BLOCKS = YES;
				GCC_OPTIMIZATION_LEVEL = 0;
				GCC_PREPROCESSOR_DEFINITIONS = (
					"DEBUG=1",
					"$(inherited)",
				);
				GCC_WARN_64_TO_32_BIT_CONVERSION = YES;
				GCC_WARN_ABOUT_RETURN_TYPE = YES_ERROR;
				GCC_WARN_UNDECLARED_SELECTOR = YES;
				GCC_WARN_UNINITIALIZED_AUTOS = YES_AGGRESSIVE;
				GCC_WARN_UNUSED_FUNCTION = YES;
				GCC_WARN_UNUSED_VARIABLE = YES;
				IPHONEOS_DEPLOYMENT_TARGET = 10.0;
				MTL_ENABLE_DEBUG_INFO = YES;
				ONLY_ACTIVE_ARCH = YES;
				SDKROOT = iphoneos;
			};
			name = Debug;
		};
		155251A01DC0976500E7CE17 /* Release */ = {
			isa = XCBuildConfiguration;
			buildSettings = {
				ALWAYS_SEARCH_USER_PATHS = NO;
				CLANG_ANALYZER_NONNULL = YES;
				CLANG_CXX_LANGUAGE_STANDARD = "gnu++0x";
				CLANG_CXX_LIBRARY = "libc++";
				CLANG_ENABLE_MODULES = YES;
				CLANG_ENABLE_OBJC_ARC = YES;
				CLANG_WARN_BOOL_CONVERSION = YES;
				CLANG_WARN_CONSTANT_CONVERSION = YES;
				CLANG_WARN_DIRECT_OBJC_ISA_USAGE = YES_ERROR;
				CLANG_WARN_DOCUMENTATION_COMMENTS = YES;
				CLANG_WARN_EMPTY_BODY = YES;
				CLANG_WARN_ENUM_CONVERSION = YES;
				CLANG_WARN_INFINITE_RECURSION = YES;
				CLANG_WARN_INT_CONVERSION = YES;
				CLANG_WARN_OBJC_ROOT_CLASS = YES_ERROR;
				CLANG_WARN_SUSPICIOUS_MOVES = YES;
				CLANG_WARN_UNREACHABLE_CODE = YES;
				CLANG_WARN__DUPLICATE_METHOD_MATCH = YES;
				"CODE_SIGN_IDENTITY[sdk=iphoneos*]" = "iPhone Developer";
				COPY_PHASE_STRIP = NO;
				DEBUG_INFORMATION_FORMAT = "dwarf-with-dsym";
				ENABLE_NS_ASSERTIONS = NO;
				ENABLE_STRICT_OBJC_MSGSEND = YES;
				GCC_C_LANGUAGE_STANDARD = gnu99;
				GCC_NO_COMMON_BLOCKS = YES;
				GCC_WARN_64_TO_32_BIT_CONVERSION = YES;
				GCC_WARN_ABOUT_RETURN_TYPE = YES_ERROR;
				GCC_WARN_UNDECLARED_SELECTOR = YES;
				GCC_WARN_UNINITIALIZED_AUTOS = YES_AGGRESSIVE;
				GCC_WARN_UNUSED_FUNCTION = YES;
				GCC_WARN_UNUSED_VARIABLE = YES;
				IPHONEOS_DEPLOYMENT_TARGET = 10.0;
				MTL_ENABLE_DEBUG_INFO = NO;
				SDKROOT = iphoneos;
				VALIDATE_PRODUCT = YES;
			};
			name = Release;
		};
		155251A21DC0976500E7CE17 /* Debug */ = {
			isa = XCBuildConfiguration;
			buildSettings = {
				ASSETCATALOG_COMPILER_APPICON_NAME = AppIcon;
				DEVELOPMENT_TEAM = M6BZ7CAAX7;
				INFOPLIST_FILE = "Tableview分离/Info.plist";
				LD_RUNPATH_SEARCH_PATHS = "$(inherited) @executable_path/Frameworks";
				PRODUCT_BUNDLE_IDENTIFIER = "com.cx.Tableview--";
				PRODUCT_NAME = "$(TARGET_NAME)";
			};
			name = Debug;
		};
		155251A31DC0976500E7CE17 /* Release */ = {
			isa = XCBuildConfiguration;
			buildSettings = {
				ASSETCATALOG_COMPILER_APPICON_NAME = AppIcon;
				DEVELOPMENT_TEAM = M6BZ7CAAX7;
				INFOPLIST_FILE = "Tableview分离/Info.plist";
				LD_RUNPATH_SEARCH_PATHS = "$(inherited) @executable_path/Frameworks";
				PRODUCT_BUNDLE_IDENTIFIER = "com.cx.Tableview--";
				PRODUCT_NAME = "$(TARGET_NAME)";
			};
			name = Release;
		};
/* End XCBuildConfiguration section */

/* Begin XCConfigurationList section */
		155251851DC0976500E7CE17 /* Build configuration list for PBXProject "Tableview分离" */ = {
			isa = XCConfigurationList;
			buildConfigurations = (
				1552519F1DC0976500E7CE17 /* Debug */,
				155251A01DC0976500E7CE17 /* Release */,
			);
			defaultConfigurationIsVisible = 0;
			defaultConfigurationName = Release;
		};
		155251A11DC0976500E7CE17 /* Build configuration list for PBXNativeTarget "Tableview分离" */ = {
			isa = XCConfigurationList;
			buildConfigurations = (
				155251A21DC0976500E7CE17 /* Debug */,
				155251A31DC0976500E7CE17 /* Release */,
			);
			defaultConfigurationIsVisible = 0;
		};
/* End XCConfigurationList section */
	};
	rootObject = 155251821DC0976500E7CE17 /* Project object */;
}
